{
    "version": 3,
    "terraform_version": "0.11.11",
    "serial": 30,
    "lineage": "edbd65b0-1699-6f7e-a5b0-1728b2a89aa8",
    "modules": [
        {
            "path": [
                "root"
            ],
            "outputs": {},
            "resources": {
                "aws_instance.db": {
                    "type": "aws_instance",
                    "depends_on": [
                        "aws_key_pair.default",
                        "aws_security_group.sgdb",
                        "aws_subnet.public-subnet"
                    ],
                    "primary": {
                        "id": "i-057c9990558550f91",
                        "attributes": {
                            "ami": "ami-c86c3f23",
                            "arn": "arn:aws:ec2:eu-central-1:083169085344:instance/i-057c9990558550f91",
                            "associate_public_ip_address": "true",
                            "availability_zone": "eu-central-1c",
                            "cpu_core_count": "1",
                            "cpu_threads_per_core": "1",
                            "credit_specification.#": "1",
                            "credit_specification.0.cpu_credits": "standard",
                            "disable_api_termination": "false",
                            "ebs_block_device.#": "0",
                            "ebs_optimized": "false",
                            "ephemeral_block_device.#": "0",
                            "get_password_data": "false",
                            "iam_instance_profile": "",
                            "id": "i-057c9990558550f91",
                            "instance_state": "running",
                            "instance_type": "t2.micro",
                            "ipv6_addresses.#": "0",
                            "key_name": "rootkey",
                            "monitoring": "false",
                            "network_interface.#": "0",
                            "network_interface_id": "eni-0b988d588fb647674",
                            "password_data": "",
                            "placement_group": "",
                            "primary_network_interface_id": "eni-0b988d588fb647674",
                            "private_dns": "ip-10-0-1-194.eu-central-1.compute.internal",
                            "private_ip": "10.0.1.194",
                            "public_dns": "ec2-18-185-157-35.eu-central-1.compute.amazonaws.com",
                            "public_ip": "18.185.157.35",
                            "root_block_device.#": "1",
                            "root_block_device.0.delete_on_termination": "true",
                            "root_block_device.0.iops": "100",
                            "root_block_device.0.volume_id": "vol-0faaeb1ac05850bc3",
                            "root_block_device.0.volume_size": "10",
                            "root_block_device.0.volume_type": "gp2",
                            "security_groups.#": "0",
                            "source_dest_check": "false",
                            "subnet_id": "subnet-099ffc97c5773a066",
                            "tags.%": "1",
                            "tags.Name": "database",
                            "tenancy": "default",
                            "user_data": "5dc27c80f4259655d96c79cfb694efebdb8627de",
                            "volume_tags.%": "0",
                            "vpc_security_group_ids.#": "1",
                            "vpc_security_group_ids.97164360": "sg-0f9c2c39f6965386d"
                        },
                        "meta": {
                            "e2bfb730-ecaa-11e6-8f88-34363bc7c4c0": {
                                "create": 600000000000,
                                "delete": 1200000000000,
                                "update": 600000000000
                            },
                            "schema_version": "1"
                        },
                        "tainted": false
                    },
                    "deposed": [],
                    "provider": "provider.aws"
                },
                "aws_instance.nfs": {
                    "type": "aws_instance",
                    "depends_on": [
                        "aws_key_pair.default",
                        "aws_security_group.sgnfs",
                        "aws_subnet.private-subnet"
                    ],
                    "primary": {
                        "id": "i-0d405b0af0353614f",
                        "attributes": {
                            "ami": "ami-0cfbf4f6db41068ac",
                            "arn": "arn:aws:ec2:eu-central-1:083169085344:instance/i-0d405b0af0353614f",
                            "associate_public_ip_address": "false",
                            "availability_zone": "eu-central-1b",
                            "cpu_core_count": "1",
                            "cpu_threads_per_core": "1",
                            "credit_specification.#": "1",
                            "credit_specification.0.cpu_credits": "standard",
                            "disable_api_termination": "false",
                            "ebs_block_device.#": "0",
                            "ebs_optimized": "false",
                            "ephemeral_block_device.#": "0",
                            "get_password_data": "false",
                            "iam_instance_profile": "",
                            "id": "i-0d405b0af0353614f",
                            "instance_state": "running",
                            "instance_type": "t2.micro",
                            "ipv6_addresses.#": "0",
                            "key_name": "rootkey",
                            "monitoring": "false",
                            "network_interface.#": "0",
                            "network_interface_id": "eni-09566db889a35b8b1",
                            "password_data": "",
                            "placement_group": "",
                            "primary_network_interface_id": "eni-09566db889a35b8b1",
                            "private_dns": "ip-10-0-2-165.eu-central-1.compute.internal",
                            "private_ip": "10.0.2.165",
                            "public_dns": "",
                            "public_ip": "",
                            "root_block_device.#": "1",
                            "root_block_device.0.delete_on_termination": "true",
                            "root_block_device.0.iops": "100",
                            "root_block_device.0.volume_id": "vol-09922ddb50307ae25",
                            "root_block_device.0.volume_size": "8",
                            "root_block_device.0.volume_type": "gp2",
                            "security_groups.#": "0",
                            "source_dest_check": "false",
                            "subnet_id": "subnet-064694d0f2fb3ed58",
                            "tags.%": "1",
                            "tags.Name": "nfsserver",
                            "tenancy": "default",
                            "user_data": "eb0e5cccc7159859494ef63186b097df374a2b14",
                            "volume_tags.%": "0",
                            "vpc_security_group_ids.#": "1",
                            "vpc_security_group_ids.569663936": "sg-00009ed65dd748875"
                        },
                        "meta": {
                            "e2bfb730-ecaa-11e6-8f88-34363bc7c4c0": {
                                "create": 600000000000,
                                "delete": 1200000000000,
                                "update": 600000000000
                            },
                            "schema_version": "1"
                        },
                        "tainted": false
                    },
                    "deposed": [],
                    "provider": "provider.aws"
                },
                "aws_instance.wb": {
                    "type": "aws_instance",
                    "depends_on": [
                        "aws_key_pair.default",
                        "aws_security_group.sgweb",
                        "aws_subnet.public-subnet"
                    ],
                    "primary": {
                        "id": "i-01141c499cf3be844",
                        "attributes": {
                            "ami": "ami-c86c3f23",
                            "arn": "arn:aws:ec2:eu-central-1:083169085344:instance/i-01141c499cf3be844",
                            "associate_public_ip_address": "true",
                            "availability_zone": "eu-central-1c",
                            "cpu_core_count": "1",
                            "cpu_threads_per_core": "1",
                            "credit_specification.#": "1",
                            "credit_specification.0.cpu_credits": "standard",
                            "disable_api_termination": "false",
                            "ebs_block_device.#": "0",
                            "ebs_optimized": "false",
                            "ephemeral_block_device.#": "0",
                            "get_password_data": "false",
                            "iam_instance_profile": "",
                            "id": "i-01141c499cf3be844",
                            "instance_state": "running",
                            "instance_type": "t2.micro",
                            "ipv6_addresses.#": "0",
                            "key_name": "rootkey",
                            "monitoring": "false",
                            "network_interface.#": "0",
                            "network_interface_id": "eni-033f23281e1c72532",
                            "password_data": "",
                            "placement_group": "",
                            "primary_network_interface_id": "eni-033f23281e1c72532",
                            "private_dns": "ip-10-0-1-75.eu-central-1.compute.internal",
                            "private_ip": "10.0.1.75",
                            "public_dns": "ec2-18-184-123-80.eu-central-1.compute.amazonaws.com",
                            "public_ip": "18.184.123.80",
                            "root_block_device.#": "1",
                            "root_block_device.0.delete_on_termination": "true",
                            "root_block_device.0.iops": "100",
                            "root_block_device.0.volume_id": "vol-01c279b2a7b4834da",
                            "root_block_device.0.volume_size": "10",
                            "root_block_device.0.volume_type": "gp2",
                            "security_groups.#": "0",
                            "source_dest_check": "false",
                            "subnet_id": "subnet-099ffc97c5773a066",
                            "tags.%": "1",
                            "tags.Name": "webserver",
                            "tenancy": "default",
                            "user_data": "e54efea02cc20e559470f29c208949045c5364b8",
                            "volume_tags.%": "0",
                            "vpc_security_group_ids.#": "1",
                            "vpc_security_group_ids.4100845029": "sg-0ecdb89ce5e707f98"
                        },
                        "meta": {
                            "e2bfb730-ecaa-11e6-8f88-34363bc7c4c0": {
                                "create": 600000000000,
                                "delete": 1200000000000,
                                "update": 600000000000
                            },
                            "schema_version": "1"
                        },
                        "tainted": false
                    },
                    "deposed": [],
                    "provider": "provider.aws"
                },
                "aws_internet_gateway.gw": {
                    "type": "aws_internet_gateway",
                    "depends_on": [
                        "aws_vpc.default"
                    ],
                    "primary": {
                        "id": "igw-0080021a2a3625414",
                        "attributes": {
                            "id": "igw-0080021a2a3625414",
                            "owner_id": "083169085344",
                            "tags.%": "1",
                            "tags.Name": "VPC IGW",
                            "vpc_id": "vpc-01fb84e9318d5d861"
                        },
                        "meta": {},
                        "tainted": false
                    },
                    "deposed": [],
                    "provider": "provider.aws"
                },
                "aws_key_pair.default": {
                    "type": "aws_key_pair",
                    "depends_on": [],
                    "primary": {
                        "id": "rootkey",
                        "attributes": {
                            "fingerprint": "11:ad:eb:69:0a:68:4d:e7:30:64:e7:11:bc:a0:da:a7",
                            "id": "rootkey",
                            "key_name": "rootkey",
                            "public_key": "ssh-rsa AAAAB3NzaC1yc2EAAAADAQABAAABAQDItEKBXkF2zjdil3esGyu4ECYTMnZ1QOX+J9eK6lyGT4Xdz3NMK2ezoyo7SPDcS1UvNy3yI+Nt/bG97nvbuXzAb3+xraYaN9s9ph16QLl4BV5wyN6CilNuSQFPy6scs0bZh0yj+f0S2hVk4R+3T1JW1URObfpP8QR+m+bnhxqeI7gGj03Es2CwXjvtYAPD00SvOvMhir+JGFDh7Pg38Lj4QlcYip6Smq2G+aMm73nuIBnz9b4iYyOxEIenrtJT7DYdY53ISRg0atzxtFa6m288AcB5k+Q/z2HG2jG96ujpfNFSxRyWsWOTPYBZTleCdNNMy/4p76WosSXfEYoZGJE5 eldar@oc2068127380.ibm.com"
                        },
                        "meta": {
                            "schema_version": "1"
                        },
                        "tainted": false
                    },
                    "deposed": [],
                    "provider": "provider.aws"
                },
                "aws_route_table.web-public-rt": {
                    "type": "aws_route_table",
                    "depends_on": [
                        "aws_internet_gateway.gw",
                        "aws_vpc.default"
                    ],
                    "primary": {
                        "id": "rtb-05e69c50f3b8726a6",
                        "attributes": {
                            "id": "rtb-05e69c50f3b8726a6",
                            "owner_id": "083169085344",
                            "propagating_vgws.#": "0",
                            "route.#": "1",
                            "route.3159066402.cidr_block": "0.0.0.0/0",
                            "route.3159066402.egress_only_gateway_id": "",
                            "route.3159066402.gateway_id": "igw-0080021a2a3625414",
                            "route.3159066402.instance_id": "",
                            "route.3159066402.ipv6_cidr_block": "",
                            "route.3159066402.nat_gateway_id": "",
                            "route.3159066402.network_interface_id": "",
                            "route.3159066402.transit_gateway_id": "",
                            "route.3159066402.vpc_peering_connection_id": "",
                            "tags.%": "1",
                            "tags.Name": "Public Subnet RT",
                            "vpc_id": "vpc-01fb84e9318d5d861"
                        },
                        "meta": {},
                        "tainted": false
                    },
                    "deposed": [],
                    "provider": "provider.aws"
                },
                "aws_route_table_association.web-public-rt": {
                    "type": "aws_route_table_association",
                    "depends_on": [
                        "aws_route_table.web-public-rt",
                        "aws_subnet.public-subnet"
                    ],
                    "primary": {
                        "id": "rtbassoc-01d82e09d32fda953",
                        "attributes": {
                            "id": "rtbassoc-01d82e09d32fda953",
                            "route_table_id": "rtb-05e69c50f3b8726a6",
                            "subnet_id": "subnet-099ffc97c5773a066"
                        },
                        "meta": {},
                        "tainted": false
                    },
                    "deposed": [],
                    "provider": "provider.aws"
                },
                "aws_security_group.sgdb": {
                    "type": "aws_security_group",
                    "depends_on": [
                        "aws_vpc.default"
                    ],
                    "primary": {
                        "id": "sg-0f9c2c39f6965386d",
                        "attributes": {
                            "arn": "arn:aws:ec2:eu-central-1:083169085344:security-group/sg-0f9c2c39f6965386d",
                            "description": "Allow traffic from public subnet",
                            "egress.#": "1",
                            "egress.1403647648.cidr_blocks.#": "1",
                            "egress.1403647648.cidr_blocks.0": "0.0.0.0/0",
                            "egress.1403647648.description": "",
                            "egress.1403647648.from_port": "0",
                            "egress.1403647648.ipv6_cidr_blocks.#": "0",
                            "egress.1403647648.prefix_list_ids.#": "0",
                            "egress.1403647648.protocol": "tcp",
                            "egress.1403647648.security_groups.#": "0",
                            "egress.1403647648.self": "false",
                            "egress.1403647648.to_port": "65535",
                            "id": "sg-0f9c2c39f6965386d",
                            "ingress.#": "3",
                            "ingress.1799340084.cidr_blocks.#": "1",
                            "ingress.1799340084.cidr_blocks.0": "0.0.0.0/0",
                            "ingress.1799340084.description": "",
                            "ingress.1799340084.from_port": "-1",
                            "ingress.1799340084.ipv6_cidr_blocks.#": "0",
                            "ingress.1799340084.prefix_list_ids.#": "0",
                            "ingress.1799340084.protocol": "icmp",
                            "ingress.1799340084.security_groups.#": "0",
                            "ingress.1799340084.self": "false",
                            "ingress.1799340084.to_port": "-1",
                            "ingress.2541437006.cidr_blocks.#": "1",
                            "ingress.2541437006.cidr_blocks.0": "0.0.0.0/0",
                            "ingress.2541437006.description": "",
                            "ingress.2541437006.from_port": "22",
                            "ingress.2541437006.ipv6_cidr_blocks.#": "0",
                            "ingress.2541437006.prefix_list_ids.#": "0",
                            "ingress.2541437006.protocol": "tcp",
                            "ingress.2541437006.security_groups.#": "0",
                            "ingress.2541437006.self": "false",
                            "ingress.2541437006.to_port": "22",
                            "ingress.957905739.cidr_blocks.#": "1",
                            "ingress.957905739.cidr_blocks.0": "10.0.1.0/24",
                            "ingress.957905739.description": "",
                            "ingress.957905739.from_port": "3306",
                            "ingress.957905739.ipv6_cidr_blocks.#": "0",
                            "ingress.957905739.prefix_list_ids.#": "0",
                            "ingress.957905739.protocol": "tcp",
                            "ingress.957905739.security_groups.#": "0",
                            "ingress.957905739.self": "false",
                            "ingress.957905739.to_port": "3306",
                            "name": "vpc_db",
                            "owner_id": "083169085344",
                            "revoke_rules_on_delete": "false",
                            "tags.%": "1",
                            "tags.Name": "DB SG",
                            "vpc_id": "vpc-01fb84e9318d5d861"
                        },
                        "meta": {
                            "e2bfb730-ecaa-11e6-8f88-34363bc7c4c0": {
                                "create": 600000000000,
                                "delete": 600000000000
                            },
                            "schema_version": "1"
                        },
                        "tainted": false
                    },
                    "deposed": [],
                    "provider": "provider.aws"
                },
                "aws_security_group.sgnfs": {
                    "type": "aws_security_group",
                    "depends_on": [
                        "aws_vpc.default"
                    ],
                    "primary": {
                        "id": "sg-00009ed65dd748875",
                        "attributes": {
                            "arn": "arn:aws:ec2:eu-central-1:083169085344:security-group/sg-00009ed65dd748875",
                            "description": "Allow NFS traffic from public subnet",
                            "egress.#": "1",
                            "egress.1403647648.cidr_blocks.#": "1",
                            "egress.1403647648.cidr_blocks.0": "0.0.0.0/0",
                            "egress.1403647648.description": "",
                            "egress.1403647648.from_port": "0",
                            "egress.1403647648.ipv6_cidr_blocks.#": "0",
                            "egress.1403647648.prefix_list_ids.#": "0",
                            "egress.1403647648.protocol": "tcp",
                            "egress.1403647648.security_groups.#": "0",
                            "egress.1403647648.self": "false",
                            "egress.1403647648.to_port": "65535",
                            "id": "sg-00009ed65dd748875",
                            "ingress.#": "6",
                            "ingress.1265625122.cidr_blocks.#": "1",
                            "ingress.1265625122.cidr_blocks.0": "10.0.1.0/24",
                            "ingress.1265625122.description": "",
                            "ingress.1265625122.from_port": "111",
                            "ingress.1265625122.ipv6_cidr_blocks.#": "0",
                            "ingress.1265625122.prefix_list_ids.#": "0",
                            "ingress.1265625122.protocol": "tcp",
                            "ingress.1265625122.security_groups.#": "0",
                            "ingress.1265625122.self": "false",
                            "ingress.1265625122.to_port": "111",
                            "ingress.2356105918.cidr_blocks.#": "1",
                            "ingress.2356105918.cidr_blocks.0": "10.0.1.0/24",
                            "ingress.2356105918.description": "",
                            "ingress.2356105918.from_port": "2049",
                            "ingress.2356105918.ipv6_cidr_blocks.#": "0",
                            "ingress.2356105918.prefix_list_ids.#": "0",
                            "ingress.2356105918.protocol": "udp",
                            "ingress.2356105918.security_groups.#": "0",
                            "ingress.2356105918.self": "false",
                            "ingress.2356105918.to_port": "2049",
                            "ingress.2582209309.cidr_blocks.#": "1",
                            "ingress.2582209309.cidr_blocks.0": "10.0.1.0/24",
                            "ingress.2582209309.description": "",
                            "ingress.2582209309.from_port": "-1",
                            "ingress.2582209309.ipv6_cidr_blocks.#": "0",
                            "ingress.2582209309.prefix_list_ids.#": "0",
                            "ingress.2582209309.protocol": "icmp",
                            "ingress.2582209309.security_groups.#": "0",
                            "ingress.2582209309.self": "false",
                            "ingress.2582209309.to_port": "-1",
                            "ingress.2709622021.cidr_blocks.#": "1",
                            "ingress.2709622021.cidr_blocks.0": "10.0.1.0/24",
                            "ingress.2709622021.description": "",
                            "ingress.2709622021.from_port": "22",
                            "ingress.2709622021.ipv6_cidr_blocks.#": "0",
                            "ingress.2709622021.prefix_list_ids.#": "0",
                            "ingress.2709622021.protocol": "tcp",
                            "ingress.2709622021.security_groups.#": "0",
                            "ingress.2709622021.self": "false",
                            "ingress.2709622021.to_port": "22",
                            "ingress.4070617126.cidr_blocks.#": "1",
                            "ingress.4070617126.cidr_blocks.0": "10.0.1.0/24",
                            "ingress.4070617126.description": "",
                            "ingress.4070617126.from_port": "2049",
                            "ingress.4070617126.ipv6_cidr_blocks.#": "0",
                            "ingress.4070617126.prefix_list_ids.#": "0",
                            "ingress.4070617126.protocol": "tcp",
                            "ingress.4070617126.security_groups.#": "0",
                            "ingress.4070617126.self": "false",
                            "ingress.4070617126.to_port": "2049",
                            "ingress.899680954.cidr_blocks.#": "1",
                            "ingress.899680954.cidr_blocks.0": "10.0.1.0/24",
                            "ingress.899680954.description": "",
                            "ingress.899680954.from_port": "111",
                            "ingress.899680954.ipv6_cidr_blocks.#": "0",
                            "ingress.899680954.prefix_list_ids.#": "0",
                            "ingress.899680954.protocol": "udp",
                            "ingress.899680954.security_groups.#": "0",
                            "ingress.899680954.self": "false",
                            "ingress.899680954.to_port": "111",
                            "name": "vpc_nfs",
                            "owner_id": "083169085344",
                            "revoke_rules_on_delete": "false",
                            "tags.%": "1",
                            "tags.Name": "NFS SG",
                            "vpc_id": "vpc-01fb84e9318d5d861"
                        },
                        "meta": {
                            "e2bfb730-ecaa-11e6-8f88-34363bc7c4c0": {
                                "create": 600000000000,
                                "delete": 600000000000
                            },
                            "schema_version": "1"
                        },
                        "tainted": false
                    },
                    "deposed": [],
                    "provider": "provider.aws"
                },
                "aws_security_group.sgweb": {
                    "type": "aws_security_group",
                    "depends_on": [
                        "aws_vpc.default"
                    ],
                    "primary": {
                        "id": "sg-0ecdb89ce5e707f98",
                        "attributes": {
                            "arn": "arn:aws:ec2:eu-central-1:083169085344:security-group/sg-0ecdb89ce5e707f98",
                            "description": "Allow incoming HTTP connections \u0026 SSH access",
                            "egress.#": "1",
                            "egress.1403647648.cidr_blocks.#": "1",
                            "egress.1403647648.cidr_blocks.0": "0.0.0.0/0",
                            "egress.1403647648.description": "",
                            "egress.1403647648.from_port": "0",
                            "egress.1403647648.ipv6_cidr_blocks.#": "0",
                            "egress.1403647648.prefix_list_ids.#": "0",
                            "egress.1403647648.protocol": "tcp",
                            "egress.1403647648.security_groups.#": "0",
                            "egress.1403647648.self": "false",
                            "egress.1403647648.to_port": "65535",
                            "id": "sg-0ecdb89ce5e707f98",
                            "ingress.#": "4",
                            "ingress.1799340084.cidr_blocks.#": "1",
                            "ingress.1799340084.cidr_blocks.0": "0.0.0.0/0",
                            "ingress.1799340084.description": "",
                            "ingress.1799340084.from_port": "-1",
                            "ingress.1799340084.ipv6_cidr_blocks.#": "0",
                            "ingress.1799340084.prefix_list_ids.#": "0",
                            "ingress.1799340084.protocol": "icmp",
                            "ingress.1799340084.security_groups.#": "0",
                            "ingress.1799340084.self": "false",
                            "ingress.1799340084.to_port": "-1",
                            "ingress.2214680975.cidr_blocks.#": "1",
                            "ingress.2214680975.cidr_blocks.0": "0.0.0.0/0",
                            "ingress.2214680975.description": "",
                            "ingress.2214680975.from_port": "80",
                            "ingress.2214680975.ipv6_cidr_blocks.#": "0",
                            "ingress.2214680975.prefix_list_ids.#": "0",
                            "ingress.2214680975.protocol": "tcp",
                            "ingress.2214680975.security_groups.#": "0",
                            "ingress.2214680975.self": "false",
                            "ingress.2214680975.to_port": "80",
                            "ingress.2541437006.cidr_blocks.#": "1",
                            "ingress.2541437006.cidr_blocks.0": "0.0.0.0/0",
                            "ingress.2541437006.description": "",
                            "ingress.2541437006.from_port": "22",
                            "ingress.2541437006.ipv6_cidr_blocks.#": "0",
                            "ingress.2541437006.prefix_list_ids.#": "0",
                            "ingress.2541437006.protocol": "tcp",
                            "ingress.2541437006.security_groups.#": "0",
                            "ingress.2541437006.self": "false",
                            "ingress.2541437006.to_port": "22",
                            "ingress.2617001939.cidr_blocks.#": "1",
                            "ingress.2617001939.cidr_blocks.0": "0.0.0.0/0",
                            "ingress.2617001939.description": "",
                            "ingress.2617001939.from_port": "443",
                            "ingress.2617001939.ipv6_cidr_blocks.#": "0",
                            "ingress.2617001939.prefix_list_ids.#": "0",
                            "ingress.2617001939.protocol": "tcp",
                            "ingress.2617001939.security_groups.#": "0",
                            "ingress.2617001939.self": "false",
                            "ingress.2617001939.to_port": "443",
                            "name": "vpc_web",
                            "owner_id": "083169085344",
                            "revoke_rules_on_delete": "false",
                            "tags.%": "1",
                            "tags.Name": "Web Server SG",
                            "vpc_id": "vpc-01fb84e9318d5d861"
                        },
                        "meta": {
                            "e2bfb730-ecaa-11e6-8f88-34363bc7c4c0": {
                                "create": 600000000000,
                                "delete": 600000000000
                            },
                            "schema_version": "1"
                        },
                        "tainted": false
                    },
                    "deposed": [],
                    "provider": "provider.aws"
                },
                "aws_subnet.private-subnet": {
                    "type": "aws_subnet",
                    "depends_on": [
                        "aws_vpc.default"
                    ],
                    "primary": {
                        "id": "subnet-064694d0f2fb3ed58",
                        "attributes": {
                            "arn": "arn:aws:ec2:eu-central-1:083169085344:subnet/subnet-064694d0f2fb3ed58",
                            "assign_ipv6_address_on_creation": "false",
                            "availability_zone": "eu-central-1b",
                            "availability_zone_id": "euc1-az3",
                            "cidr_block": "10.0.2.0/24",
                            "id": "subnet-064694d0f2fb3ed58",
                            "ipv6_cidr_block": "",
                            "ipv6_cidr_block_association_id": "",
                            "map_public_ip_on_launch": "false",
                            "owner_id": "083169085344",
                            "tags.%": "1",
                            "tags.Name": "NFS Private Subnet",
                            "vpc_id": "vpc-01fb84e9318d5d861"
                        },
                        "meta": {
                            "e2bfb730-ecaa-11e6-8f88-34363bc7c4c0": {
                                "create": 600000000000,
                                "delete": 600000000000
                            },
                            "schema_version": "1"
                        },
                        "tainted": false
                    },
                    "deposed": [],
                    "provider": "provider.aws"
                },
                "aws_subnet.public-subnet": {
                    "type": "aws_subnet",
                    "depends_on": [
                        "aws_vpc.default"
                    ],
                    "primary": {
                        "id": "subnet-099ffc97c5773a066",
                        "attributes": {
                            "arn": "arn:aws:ec2:eu-central-1:083169085344:subnet/subnet-099ffc97c5773a066",
                            "assign_ipv6_address_on_creation": "false",
                            "availability_zone": "eu-central-1c",
                            "availability_zone_id": "euc1-az1",
                            "cidr_block": "10.0.1.0/24",
                            "id": "subnet-099ffc97c5773a066",
                            "ipv6_cidr_block": "",
                            "ipv6_cidr_block_association_id": "",
                            "map_public_ip_on_launch": "false",
                            "owner_id": "083169085344",
                            "tags.%": "1",
                            "tags.Name": "Web Public Subnet",
                            "vpc_id": "vpc-01fb84e9318d5d861"
                        },
                        "meta": {
                            "e2bfb730-ecaa-11e6-8f88-34363bc7c4c0": {
                                "create": 600000000000,
                                "delete": 600000000000
                            },
                            "schema_version": "1"
                        },
                        "tainted": false
                    },
                    "deposed": [],
                    "provider": "provider.aws"
                },
                "aws_vpc.default": {
                    "type": "aws_vpc",
                    "depends_on": [],
                    "primary": {
                        "id": "vpc-01fb84e9318d5d861",
                        "attributes": {
                            "arn": "arn:aws:ec2:eu-central-1:083169085344:vpc/vpc-01fb84e9318d5d861",
                            "assign_generated_ipv6_cidr_block": "false",
                            "cidr_block": "10.0.0.0/16",
                            "default_network_acl_id": "acl-0777d79097b70a149",
                            "default_route_table_id": "rtb-02f49787ee40f1bab",
                            "default_security_group_id": "sg-063e3c0c12d9abb03",
                            "dhcp_options_id": "dopt-e3cdf788",
                            "enable_dns_hostnames": "true",
                            "enable_dns_support": "true",
                            "id": "vpc-01fb84e9318d5d861",
                            "instance_tenancy": "default",
                            "ipv6_association_id": "",
                            "ipv6_cidr_block": "",
                            "main_route_table_id": "rtb-02f49787ee40f1bab",
                            "owner_id": "083169085344",
                            "tags.%": "1",
                            "tags.Name": "test-vpc"
                        },
                        "meta": {
                            "schema_version": "1"
                        },
                        "tainted": false
                    },
                    "deposed": [],
                    "provider": "provider.aws"
                }
            },
            "depends_on": []
        }
    ]
}
