{
  "version": 4,
  "terraform_version": "0.12.20",
  "serial": 9,
  "lineage": "5eb12874-7cd4-adfe-3834-0af45eecfcfc",
  "outputs": {},
  "resources": [
    {
      "mode": "managed",
      "type": "aws_instance",
      "name": "test-vm",
      "provider": "provider.aws",
      "instances": [
        {
          "schema_version": 1,
          "attributes": {
            "ami": "ami-03d58d844fbb322af",
            "arn": "arn:aws:ec2:eu-central-1:068723587801:instance/i-05d10d715ceefac5f",
            "associate_public_ip_address": true,
            "availability_zone": "eu-central-1b",
            "cpu_core_count": 1,
            "cpu_threads_per_core": 1,
            "credit_specification": [
              {
                "cpu_credits": "standard"
              }
            ],
            "disable_api_termination": false,
            "ebs_block_device": [],
            "ebs_optimized": false,
            "ephemeral_block_device": [],
            "get_password_data": false,
            "host_id": null,
            "iam_instance_profile": "",
            "id": "i-05d10d715ceefac5f",
            "instance_initiated_shutdown_behavior": null,
            "instance_state": "running",
            "instance_type": "t2.micro",
            "ipv6_address_count": 0,
            "ipv6_addresses": [],
            "key_name": "root-ssh",
            "monitoring": false,
            "network_interface": [],
            "network_interface_id": null,
            "password_data": "",
            "placement_group": "",
            "primary_network_interface_id": "eni-046cabe57079774cb",
            "private_dns": "ip-172-31-37-187.eu-central-1.compute.internal",
            "private_ip": "172.31.37.187",
            "public_dns": "ec2-3-121-202-108.eu-central-1.compute.amazonaws.com",
            "public_ip": "3.121.202.108",
            "root_block_device": [
              {
                "delete_on_termination": true,
                "encrypted": false,
                "iops": 100,
                "kms_key_id": "",
                "volume_id": "vol-0b4122b4cd6027fa9",
                "volume_size": 8,
                "volume_type": "gp2"
              }
            ],
            "security_groups": [
              "default"
            ],
            "source_dest_check": true,
            "subnet_id": "subnet-3aeae747",
            "tags": null,
            "tenancy": "default",
            "timeouts": null,
            "user_data": null,
            "user_data_base64": null,
            "volume_tags": {},
            "vpc_security_group_ids": [
              "sg-168d1375"
            ]
          },
          "private": "eyJlMmJmYjczMC1lY2FhLTExZTYtOGY4OC0zNDM2M2JjN2M0YzAiOnsiY3JlYXRlIjo2MDAwMDAwMDAwMDAsImRlbGV0ZSI6MTIwMDAwMDAwMDAwMCwidXBkYXRlIjo2MDAwMDAwMDAwMDB9LCJzY2hlbWFfdmVyc2lvbiI6IjEifQ=="
        }
      ]
    },
    {
      "mode": "managed",
      "type": "aws_key_pair",
      "name": "root-ssh",
      "provider": "provider.aws",
      "instances": [
        {
          "schema_version": 1,
          "attributes": {
            "fingerprint": "f2:9e:e3:8c:03:f5:65:9a:90:4a:d7:ef:2b:f3:9d:62",
            "id": "root-ssh",
            "key_name": "root-ssh",
            "key_name_prefix": null,
            "key_pair_id": "key-03b9a9c6be2dd102b",
            "public_key": "ssh-rsa AAAAB3NzaC1yc2EAAAADAQABAAABAQDQ4FiNdSKx6ffJE1HSV0+yCPtTK3wb65Q5qOOkN2WtCJAggHwEK8M201inUMTePPN1ZYepJ1l810tryO5vju/b0SE9AUglwZNgKRvPkG8ID82V16LSxJZdnGBeAAVPZ8xOMlVnM2J9NuiVEd3S0/zWXG2ydE2iVuwu8nd8HO2h2jaVVmvDbiNqUV4m4N+BJDt7IVyaLzAGxGBdzdDxFykJOGVXH7E7HQE5PyXDtiApbsSUfzPrRcTMl6lYQyuqaG/Piuebx93UvLq6fOSnCmMu+KlH+z/A4COitTkU5CvBsYzkcO9+VpULu9GDqcr/yfgpg8yN5lbPs1m5Ih0zgBYf root@mgmt",
            "tags": null
          },
          "private": "eyJzY2hlbWFfdmVyc2lvbiI6IjEifQ=="
        }
      ]
    }
  ]
}
