{
  "version": 4,
  "terraform_version": "0.12.20",
  "serial": 3,
  "lineage": "2475ec83-08ef-c728-8ad1-48e368aba5ed",
  "outputs": {},
  "resources": [
    {
      "mode": "managed",
      "type": "aws_instance",
      "name": "web",
      "provider": "provider.aws",
      "instances": [
        {
          "schema_version": 1,
          "attributes": {
            "ami": "ami-c86c3f23",
            "arn": "arn:aws:ec2:eu-central-1:068723587801:instance/i-0aecb5ea33df13b53",
            "associate_public_ip_address": true,
            "availability_zone": "eu-central-1b",
            "cpu_core_count": 1,
            "cpu_threads_per_core": 1,
            "credit_specification": [
              {
                "cpu_credits": "standard"
              }
            ],
            "disable_api_termination": false,
            "ebs_block_device": [],
            "ebs_optimized": false,
            "ephemeral_block_device": [],
            "get_password_data": false,
            "hibernation": false,
            "host_id": null,
            "iam_instance_profile": "",
            "id": "i-0aecb5ea33df13b53",
            "instance_initiated_shutdown_behavior": null,
            "instance_state": "running",
            "instance_type": "t2.micro",
            "ipv6_address_count": 0,
            "ipv6_addresses": [],
            "key_name": "root-ssh",
            "metadata_options": [
              {
                "http_endpoint": "enabled",
                "http_put_response_hop_limit": 1,
                "http_tokens": "optional"
              }
            ],
            "monitoring": false,
            "network_interface": [],
            "network_interface_id": null,
            "password_data": "",
            "placement_group": "",
            "primary_network_interface_id": "eni-009b8e25e148e81ee",
            "private_dns": "ip-172-31-43-40.eu-central-1.compute.internal",
            "private_ip": "172.31.43.40",
            "public_dns": "ec2-3-127-235-247.eu-central-1.compute.amazonaws.com",
            "public_ip": "3.127.235.247",
            "root_block_device": [
              {
                "delete_on_termination": true,
                "encrypted": false,
                "iops": 100,
                "kms_key_id": "",
                "volume_id": "vol-03d8108f211177a8e",
                "volume_size": 10,
                "volume_type": "gp2"
              }
            ],
            "security_groups": [
              "default"
            ],
            "source_dest_check": true,
            "subnet_id": "subnet-3aeae747",
            "tags": null,
            "tenancy": "default",
            "timeouts": null,
            "user_data": "6996931df0ea9da53f84422314d0bde4052295ab",
            "user_data_base64": null,
            "volume_tags": {},
            "vpc_security_group_ids": [
              "sg-168d1375"
            ]
          },
          "private": "eyJlMmJmYjczMC1lY2FhLTExZTYtOGY4OC0zNDM2M2JjN2M0YzAiOnsiY3JlYXRlIjo2MDAwMDAwMDAwMDAsImRlbGV0ZSI6MTIwMDAwMDAwMDAwMCwidXBkYXRlIjo2MDAwMDAwMDAwMDB9LCJzY2hlbWFfdmVyc2lvbiI6IjEifQ=="
        }
      ]
    },
    {
      "mode": "managed",
      "type": "aws_key_pair",
      "name": "root-ssh",
      "provider": "provider.aws",
      "instances": [
        {
          "schema_version": 1,
          "attributes": {
            "fingerprint": "f2:9e:e3:8c:03:f5:65:9a:90:4a:d7:ef:2b:f3:9d:62",
            "id": "root-ssh",
            "key_name": "root-ssh",
            "key_name_prefix": null,
            "key_pair_id": "key-04b6de6c522d5abbc",
            "public_key": "ssh-rsa AAAAB3NzaC1yc2EAAAADAQABAAABAQDQ4FiNdSKx6ffJE1HSV0+yCPtTK3wb65Q5qOOkN2WtCJAggHwEK8M201inUMTePPN1ZYepJ1l810tryO5vju/b0SE9AUglwZNgKRvPkG8ID82V16LSxJZdnGBeAAVPZ8xOMlVnM2J9NuiVEd3S0/zWXG2ydE2iVuwu8nd8HO2h2jaVVmvDbiNqUV4m4N+BJDt7IVyaLzAGxGBdzdDxFykJOGVXH7E7HQE5PyXDtiApbsSUfzPrRcTMl6lYQyuqaG/Piuebx93UvLq6fOSnCmMu+KlH+z/A4COitTkU5CvBsYzkcO9+VpULu9GDqcr/yfgpg8yN5lbPs1m5Ih0zgBYf root@mgmt",
            "tags": null
          },
          "private": "eyJzY2hlbWFfdmVyc2lvbiI6IjEifQ=="
        }
      ]
    }
  ]
}
